
Microsoft Visual Studio Solution File, Format Version 12.00
# Visual Studio Version 16
VisualStudioVersion = 16.0.30011.22
MinimumVisualStudioVersion = 10.0.40219.1
Project("{FAE04EC0-301F-11D3-BF4B-00C04F79EFBC}") = "Zadanie", "Zadanie\Zadanie.csproj", "{0469C549-C619-4EE2-8320-AA998E4E8D28}"
EndProject
Global
	GlobalSection(SolutionConfigurationPlatforms) = preSolution
		Debug|Any CPU = Debug|Any CPU
		Release|Any CPU = Release|Any CPU
	EndGlobalSection
	GlobalSection(ProjectConfigurationPlatforms) = postSolution
		{0469C549-C619-4EE2-8320-AA998E4E8D28}.Debug|Any CPU.ActiveCfg = Debug|Any CPU
		{0469C549-C619-4EE2-8320-AA998E4E8D28}.Debug|Any CPU.Build.0 = Debug|Any CPU
		{0469C549-C619-4EE2-8320-AA998E4E8D28}.Release|Any CPU.ActiveCfg = Release|Any CPU
		{0469C549-C619-4EE2-8320-AA998E4E8D28}.Release|Any CPU.Build.0 = Release|Any CPU
	EndGlobalSection
	GlobalSection(SolutionProperties) = preSolution
		HideSolutionNode = FALSE
	EndGlobalSection
	GlobalSection(ExtensibilityGlobals) = postSolution
		SolutionGuid = {5B9A904F-C1BD-465C-864D-9735594E74BA}
	EndGlobalSection
EndGlobal
